
Microsoft Visual Studio Solution File, Format Version 12.00
# Visual Studio Version 17
VisualStudioVersion = 17.14.36915.13 d17.14
MinimumVisualStudioVersion = 10.0.40219.1
Project("{FAE04EC0-301F-11D3-BF4B-00C04F79EFBC}") = "ConsoleApp1", "ConsoleApp1\ConsoleApp1.csproj", "{17051A77-F246-4372-9783-2013C6BDF0D4}"
EndProject
Global
	GlobalSection(SolutionConfigurationPlatforms) = preSolution
		Debug|Any CPU = Debug|Any CPU
		Release|Any CPU = Release|Any CPU
	EndGlobalSection
	GlobalSection(ProjectConfigurationPlatforms) = postSolution
		{17051A77-F246-4372-9783-2013C6BDF0D4}.Debug|Any CPU.ActiveCfg = Debug|Any CPU
		{17051A77-F246-4372-9783-2013C6BDF0D4}.Debug|Any CPU.Build.0 = Debug|Any CPU
		{17051A77-F246-4372-9783-2013C6BDF0D4}.Release|Any CPU.ActiveCfg = Release|Any CPU
		{17051A77-F246-4372-9783-2013C6BDF0D4}.Release|Any CPU.Build.0 = Release|Any CPU
	EndGlobalSection
	GlobalSection(SolutionProperties) = preSolution
		HideSolutionNode = FALSE
	EndGlobalSection
	GlobalSection(ExtensibilityGlobals) = postSolution
		SolutionGuid = {B31E8C73-90CA-4978-8A3D-BC881A8729A4}
	EndGlobalSection
EndGlobal
